// !$*UTF8*$!
{
	archiveVersion = 1;
	classes = {
	};
	objectVersion = 46;
	objects = {

/* Begin PBXBuildFile section */
		61D36FE81DB25F6E00A040B9 /* main.m in Sources */ = {isa = PBXBuildFile; fileRef = 61D36FE71DB25F6E00A040B9 /* main.m */; };
		61D36FEB1DB25F6E00A040B9 /* AppDelegate.m in Sources */ = {isa = PBXBuildFile; fileRef = 61D36FEA1DB25F6E00A040B9 /* AppDelegate.m */; };
		61D36FEE1DB25F6E00A040B9 /* ViewController.m in Sources */ = {isa = PBXBuildFile; fileRef = 61D36FED1DB25F6E00A040B9 /* ViewController.m */; };
		61D36FF11DB25F6E00A040B9 /* Main.storyboard in Resources */ = {isa = PBXBuildFile; fileRef = 61D36FEF1DB25F6E00A040B9 /* Main.storyboard */; };
		61D36FF31DB25F6E00A040B9 /* Assets.xcassets in Resources */ = {isa = PBXBuildFile; fileRef = 61D36FF21DB25F6E00A040B9 /* Assets.xcassets */; };
		61D36FF61DB25F6E00A040B9 /* LaunchScreen.storyboard in Resources */ = {isa = PBXBuildFile; fileRef = 61D36FF41DB25F6E00A040B9 /* LaunchScreen.storyboard */; };
		61D370011DB25F6E00A040B9 /* JNAPushPopCompletionBlockExampleTests.m in Sources */ = {isa = PBXBuildFile; fileRef = 61D370001DB25F6E00A040B9 /* JNAPushPopCompletionBlockExampleTests.m */; };
		61D3700C1DB25F6E00A040B9 /* JNAPushPopCompletionBlockExampleUITests.m in Sources */ = {isa = PBXBuildFile; fileRef = 61D3700B1DB25F6E00A040B9 /* JNAPushPopCompletionBlockExampleUITests.m */; };
		61D3702A1DB2616300A040B9 /* ViewController1.m in Sources */ = {isa = PBXBuildFile; fileRef = 61D370211DB2616300A040B9 /* ViewController1.m */; };
		61D3702B1DB2616300A040B9 /* ViewController2.m in Sources */ = {isa = PBXBuildFile; fileRef = 61D370231DB2616300A040B9 /* ViewController2.m */; };
		61D3702C1DB2616300A040B9 /* ViewController3.m in Sources */ = {isa = PBXBuildFile; fileRef = 61D370251DB2616300A040B9 /* ViewController3.m */; };
		61D3702D1DB2616300A040B9 /* ViewController4.m in Sources */ = {isa = PBXBuildFile; fileRef = 61D370271DB2616300A040B9 /* ViewController4.m */; };
		61D3702E1DB2616300A040B9 /* ViewController5.m in Sources */ = {isa = PBXBuildFile; fileRef = 61D370291DB2616300A040B9 /* ViewController5.m */; };
		61D370321DB2643D00A040B9 /* UINavigationController+JNAPushPopCompletionBlock.m in Sources */ = {isa = PBXBuildFile; fileRef = 61D370311DB2643D00A040B9 /* UINavigationController+JNAPushPopCompletionBlock.m */; };
/* End PBXBuildFile section */

/* Begin PBXContainerItemProxy section */
		61D36FFD1DB25F6E00A040B9 /* PBXContainerItemProxy */ = {
			isa = PBXContainerItemProxy;
			containerPortal = 61D36FDB1DB25F6E00A040B9 /* Project object */;
			proxyType = 1;
			remoteGlobalIDString = 61D36FE21DB25F6E00A040B9;
			remoteInfo = JNAPushPopCompletionBlockExample;
		};
		61D370081DB25F6E00A040B9 /* PBXContainerItemProxy */ = {
			isa = PBXContainerItemProxy;
			containerPortal = 61D36FDB1DB25F6E00A040B9 /* Project object */;
			proxyType = 1;
			remoteGlobalIDString = 61D36FE21DB25F6E00A040B9;
			remoteInfo = JNAPushPopCompletionBlockExample;
		};
/* End PBXContainerItemProxy section */

/* Begin PBXFileReference section */
		61D36FE31DB25F6E00A040B9 /* JNAPushPopCompletionBlockExample.app */ = {isa = PBXFileReference; explicitFileType = wrapper.application; includeInIndex = 0; path = JNAPushPopCompletionBlockExample.app; sourceTree = BUILT_PRODUCTS_DIR; };
		61D36FE71DB25F6E00A040B9 /* main.m */ = {isa = PBXFileReference; lastKnownFileType = sourcecode.c.objc; lineEnding = 0; path = main.m; sourceTree = "<group>"; xcLanguageSpecificationIdentifier = xcode.lang.objc; };
		61D36FE91DB25F6E00A040B9 /* AppDelegate.h */ = {isa = PBXFileReference; lastKnownFileType = sourcecode.c.h; lineEnding = 0; path = AppDelegate.h; sourceTree = "<group>"; xcLanguageSpecificationIdentifier = xcode.lang.objcpp; };
		61D36FEA1DB25F6E00A040B9 /* AppDelegate.m */ = {isa = PBXFileReference; lastKnownFileType = sourcecode.c.objc; lineEnding = 0; path = AppDelegate.m; sourceTree = "<group>"; xcLanguageSpecificationIdentifier = xcode.lang.objc; };
		61D36FEC1DB25F6E00A040B9 /* ViewController.h */ = {isa = PBXFileReference; lastKnownFileType = sourcecode.c.h; lineEnding = 0; path = ViewController.h; sourceTree = "<group>"; xcLanguageSpecificationIdentifier = xcode.lang.objcpp; };
		61D36FED1DB25F6E00A040B9 /* ViewController.m */ = {isa = PBXFileReference; lastKnownFileType = sourcecode.c.objc; lineEnding = 0; path = ViewController.m; sourceTree = "<group>"; xcLanguageSpecificationIdentifier = xcode.lang.objc; };
		61D36FF01DB25F6E00A040B9 /* Base */ = {isa = PBXFileReference; lastKnownFileType = file.storyboard; name = Base; path = Base.lproj/Main.storyboard; sourceTree = "<group>"; };
		61D36FF21DB25F6E00A040B9 /* Assets.xcassets */ = {isa = PBXFileReference; lastKnownFileType = folder.assetcatalog; path = Assets.xcassets; sourceTree = "<group>"; };
		61D36FF51DB25F6E00A040B9 /* Base */ = {isa = PBXFileReference; lastKnownFileType = file.storyboard; name = Base; path = Base.lproj/LaunchScreen.storyboard; sourceTree = "<group>"; };
		61D36FF71DB25F6E00A040B9 /* Info.plist */ = {isa = PBXFileReference; lastKnownFileType = text.plist.xml; path = Info.plist; sourceTree = "<group>"; };
		61D36FFC1DB25F6E00A040B9 /* JNAPushPopCompletionBlockExampleTests.xctest */ = {isa = PBXFileReference; explicitFileType = wrapper.cfbundle; includeInIndex = 0; path = JNAPushPopCompletionBlockExampleTests.xctest; sourceTree = BUILT_PRODUCTS_DIR; };
		61D370001DB25F6E00A040B9 /* JNAPushPopCompletionBlockExampleTests.m */ = {isa = PBXFileReference; lastKnownFileType = sourcecode.c.objc; lineEnding = 0; path = JNAPushPopCompletionBlockExampleTests.m; sourceTree = "<group>"; xcLanguageSpecificationIdentifier = xcode.lang.objc; };
		61D370021DB25F6E00A040B9 /* Info.plist */ = {isa = PBXFileReference; lastKnownFileType = text.plist.xml; path = Info.plist; sourceTree = "<group>"; };
		61D370071DB25F6E00A040B9 /* JNAPushPopCompletionBlockExampleUITests.xctest */ = {isa = PBXFileReference; explicitFileType = wrapper.cfbundle; includeInIndex = 0; path = JNAPushPopCompletionBlockExampleUITests.xctest; sourceTree = BUILT_PRODUCTS_DIR; };
		61D3700B1DB25F6E00A040B9 /* JNAPushPopCompletionBlockExampleUITests.m */ = {isa = PBXFileReference; lastKnownFileType = sourcecode.c.objc; lineEnding = 0; path = JNAPushPopCompletionBlockExampleUITests.m; sourceTree = "<group>"; xcLanguageSpecificationIdentifier = xcode.lang.objc; };
		61D3700D1DB25F6E00A040B9 /* Info.plist */ = {isa = PBXFileReference; lastKnownFileType = text.plist.xml; path = Info.plist; sourceTree = "<group>"; };
		61D370201DB2616300A040B9 /* ViewController1.h */ = {isa = PBXFileReference; fileEncoding = 4; lastKnownFileType = sourcecode.c.h; lineEnding = 0; path = ViewController1.h; sourceTree = "<group>"; xcLanguageSpecificationIdentifier = xcode.lang.objcpp; };
		61D370211DB2616300A040B9 /* ViewController1.m */ = {isa = PBXFileReference; fileEncoding = 4; lastKnownFileType = sourcecode.c.objc; lineEnding = 0; path = ViewController1.m; sourceTree = "<group>"; xcLanguageSpecificationIdentifier = xcode.lang.objc; };
		61D370221DB2616300A040B9 /* ViewController2.h */ = {isa = PBXFileReference; fileEncoding = 4; lastKnownFileType = sourcecode.c.h; lineEnding = 0; path = ViewController2.h; sourceTree = "<group>"; xcLanguageSpecificationIdentifier = xcode.lang.objcpp; };
		61D370231DB2616300A040B9 /* ViewController2.m */ = {isa = PBXFileReference; fileEncoding = 4; lastKnownFileType = sourcecode.c.objc; lineEnding = 0; path = ViewController2.m; sourceTree = "<group>"; xcLanguageSpecificationIdentifier = xcode.lang.objc; };
		61D370241DB2616300A040B9 /* ViewController3.h */ = {isa = PBXFileReference; fileEncoding = 4; lastKnownFileType = sourcecode.c.h; lineEnding = 0; path = ViewController3.h; sourceTree = "<group>"; xcLanguageSpecificationIdentifier = xcode.lang.objcpp; };
		61D370251DB2616300A040B9 /* ViewController3.m */ = {isa = PBXFileReference; fileEncoding = 4; lastKnownFileType = sourcecode.c.objc; lineEnding = 0; path = ViewController3.m; sourceTree = "<group>"; xcLanguageSpecificationIdentifier = xcode.lang.objc; };
		61D370261DB2616300A040B9 /* ViewController4.h */ = {isa = PBXFileReference; fileEncoding = 4; lastKnownFileType = sourcecode.c.h; lineEnding = 0; path = ViewController4.h; sourceTree = "<group>"; xcLanguageSpecificationIdentifier = xcode.lang.objcpp; };
		61D370271DB2616300A040B9 /* ViewController4.m */ = {isa = PBXFileReference; fileEncoding = 4; lastKnownFileType = sourcecode.c.objc; lineEnding = 0; path = ViewController4.m; sourceTree = "<group>"; xcLanguageSpecificationIdentifier = xcode.lang.objc; };
		61D370281DB2616300A040B9 /* ViewController5.h */ = {isa = PBXFileReference; fileEncoding = 4; lastKnownFileType = sourcecode.c.h; lineEnding = 0; path = ViewController5.h; sourceTree = "<group>"; xcLanguageSpecificationIdentifier = xcode.lang.objcpp; };
		61D370291DB2616300A040B9 /* ViewController5.m */ = {isa = PBXFileReference; fileEncoding = 4; lastKnownFileType = sourcecode.c.objc; lineEnding = 0; path = ViewController5.m; sourceTree = "<group>"; xcLanguageSpecificationIdentifier = xcode.lang.objc; };
		61D370301DB2643D00A040B9 /* UINavigationController+JNAPushPopCompletionBlock.h */ = {isa = PBXFileReference; fileEncoding = 4; lastKnownFileType = sourcecode.c.h; lineEnding = 0; path = "UINavigationController+JNAPushPopCompletionBlock.h"; sourceTree = "<group>"; xcLanguageSpecificationIdentifier = xcode.lang.objcpp; };
		61D370311DB2643D00A040B9 /* UINavigationController+JNAPushPopCompletionBlock.m */ = {isa = PBXFileReference; fileEncoding = 4; lastKnownFileType = sourcecode.c.objc; lineEnding = 0; path = "UINavigationController+JNAPushPopCompletionBlock.m"; sourceTree = "<group>"; xcLanguageSpecificationIdentifier = xcode.lang.objc; };
/* End PBXFileReference section */

/* Begin PBXFrameworksBuildPhase section */
		61D36FE01DB25F6E00A040B9 /* Frameworks */ = {
			isa = PBXFrameworksBuildPhase;
			buildActionMask = 2147483647;
			files = (
			);
			runOnlyForDeploymentPostprocessing = 0;
		};
		61D36FF91DB25F6E00A040B9 /* Frameworks */ = {
			isa = PBXFrameworksBuildPhase;
			buildActionMask = 2147483647;
			files = (
			);
			runOnlyForDeploymentPostprocessing = 0;
		};
		61D370041DB25F6E00A040B9 /* Frameworks */ = {
			isa = PBXFrameworksBuildPhase;
			buildActionMask = 2147483647;
			files = (
			);
			runOnlyForDeploymentPostprocessing = 0;
		};
/* End PBXFrameworksBuildPhase section */

/* Begin PBXGroup section */
		61D36FDA1DB25F6E00A040B9 = {
			isa = PBXGroup;
			children = (
				61D3702F1DB2643D00A040B9 /* JNAPushPopCompletionBlock_Objective-C */,
				61D36FE51DB25F6E00A040B9 /* JNAPushPopCompletionBlockExample */,
				61D36FFF1DB25F6E00A040B9 /* JNAPushPopCompletionBlockExampleTests */,
				61D3700A1DB25F6E00A040B9 /* JNAPushPopCompletionBlockExampleUITests */,
				61D36FE41DB25F6E00A040B9 /* Products */,
			);
			sourceTree = "<group>";
		};
		61D36FE41DB25F6E00A040B9 /* Products */ = {
			isa = PBXGroup;
			children = (
				61D36FE31DB25F6E00A040B9 /* JNAPushPopCompletionBlockExample.app */,
				61D36FFC1DB25F6E00A040B9 /* JNAPushPopCompletionBlockExampleTests.xctest */,
				61D370071DB25F6E00A040B9 /* JNAPushPopCompletionBlockExampleUITests.xctest */,
			);
			name = Products;
			sourceTree = "<group>";
		};
		61D36FE51DB25F6E00A040B9 /* JNAPushPopCompletionBlockExample */ = {
			isa = PBXGroup;
			children = (
				61D370201DB2616300A040B9 /* ViewController1.h */,
				61D370211DB2616300A040B9 /* ViewController1.m */,
				61D370221DB2616300A040B9 /* ViewController2.h */,
				61D370231DB2616300A040B9 /* ViewController2.m */,
				61D370241DB2616300A040B9 /* ViewController3.h */,
				61D370251DB2616300A040B9 /* ViewController3.m */,
				61D370261DB2616300A040B9 /* ViewController4.h */,
				61D370271DB2616300A040B9 /* ViewController4.m */,
				61D370281DB2616300A040B9 /* ViewController5.h */,
				61D370291DB2616300A040B9 /* ViewController5.m */,
				61D36FE91DB25F6E00A040B9 /* AppDelegate.h */,
				61D36FEA1DB25F6E00A040B9 /* AppDelegate.m */,
				61D36FEC1DB25F6E00A040B9 /* ViewController.h */,
				61D36FED1DB25F6E00A040B9 /* ViewController.m */,
				61D36FEF1DB25F6E00A040B9 /* Main.storyboard */,
				61D36FF21DB25F6E00A040B9 /* Assets.xcassets */,
				61D36FF41DB25F6E00A040B9 /* LaunchScreen.storyboard */,
				61D36FF71DB25F6E00A040B9 /* Info.plist */,
				61D36FE61DB25F6E00A040B9 /* Supporting Files */,
			);
			path = JNAPushPopCompletionBlockExample;
			sourceTree = "<group>";
		};
		61D36FE61DB25F6E00A040B9 /* Supporting Files */ = {
			isa = PBXGroup;
			children = (
				61D36FE71DB25F6E00A040B9 /* main.m */,
			);
			name = "Supporting Files";
			sourceTree = "<group>";
		};
		61D36FFF1DB25F6E00A040B9 /* JNAPushPopCompletionBlockExampleTests */ = {
			isa = PBXGroup;
			children = (
				61D370001DB25F6E00A040B9 /* JNAPushPopCompletionBlockExampleTests.m */,
				61D370021DB25F6E00A040B9 /* Info.plist */,
			);
			path = JNAPushPopCompletionBlockExampleTests;
			sourceTree = "<group>";
		};
		61D3700A1DB25F6E00A040B9 /* JNAPushPopCompletionBlockExampleUITests */ = {
			isa = PBXGroup;
			children = (
				61D3700B1DB25F6E00A040B9 /* JNAPushPopCompletionBlockExampleUITests.m */,
				61D3700D1DB25F6E00A040B9 /* Info.plist */,
			);
			path = JNAPushPopCompletionBlockExampleUITests;
			sourceTree = "<group>";
		};
		61D3702F1DB2643D00A040B9 /* JNAPushPopCompletionBlock_Objective-C */ = {
			isa = PBXGroup;
			children = (
				61D370301DB2643D00A040B9 /* UINavigationController+JNAPushPopCompletionBlock.h */,
				61D370311DB2643D00A040B9 /* UINavigationController+JNAPushPopCompletionBlock.m */,
			);
			name = "JNAPushPopCompletionBlock_Objective-C";
			path = "../JNAPushPopCompletionBlock_Objective-C";
			sourceTree = "<group>";
		};
/* End PBXGroup section */

/* Begin PBXNativeTarget section */
		61D36FE21DB25F6E00A040B9 /* JNAPushPopCompletionBlockExample */ = {
			isa = PBXNativeTarget;
			buildConfigurationList = 61D370101DB25F6E00A040B9 /* Build configuration list for PBXNativeTarget "JNAPushPopCompletionBlockExample" */;
			buildPhases = (
				61D36FDF1DB25F6E00A040B9 /* Sources */,
				61D36FE01DB25F6E00A040B9 /* Frameworks */,
				61D36FE11DB25F6E00A040B9 /* Resources */,
			);
			buildRules = (
			);
			dependencies = (
			);
			name = JNAPushPopCompletionBlockExample;
			productName = JNAPushPopCompletionBlockExample;
			productReference = 61D36FE31DB25F6E00A040B9 /* JNAPushPopCompletionBlockExample.app */;
			productType = "com.apple.product-type.application";
		};
		61D36FFB1DB25F6E00A040B9 /* JNAPushPopCompletionBlockExampleTests */ = {
			isa = PBXNativeTarget;
			buildConfigurationList = 61D370131DB25F6E00A040B9 /* Build configuration list for PBXNativeTarget "JNAPushPopCompletionBlockExampleTests" */;
			buildPhases = (
				61D36FF81DB25F6E00A040B9 /* Sources */,
				61D36FF91DB25F6E00A040B9 /* Frameworks */,
				61D36FFA1DB25F6E00A040B9 /* Resources */,
			);
			buildRules = (
			);
			dependencies = (
				61D36FFE1DB25F6E00A040B9 /* PBXTargetDependency */,
			);
			name = JNAPushPopCompletionBlockExampleTests;
			productName = JNAPushPopCompletionBlockExampleTests;
			productReference = 61D36FFC1DB25F6E00A040B9 /* JNAPushPopCompletionBlockExampleTests.xctest */;
			productType = "com.apple.product-type.bundle.unit-test";
		};
		61D370061DB25F6E00A040B9 /* JNAPushPopCompletionBlockExampleUITests */ = {
			isa = PBXNativeTarget;
			buildConfigurationList = 61D370161DB25F6E00A040B9 /* Build configuration list for PBXNativeTarget "JNAPushPopCompletionBlockExampleUITests" */;
			buildPhases = (
				61D370031DB25F6E00A040B9 /* Sources */,
				61D370041DB25F6E00A040B9 /* Frameworks */,
				61D370051DB25F6E00A040B9 /* Resources */,
			);
			buildRules = (
			);
			dependencies = (
				61D370091DB25F6E00A040B9 /* PBXTargetDependency */,
			);
			name = JNAPushPopCompletionBlockExampleUITests;
			productName = JNAPushPopCompletionBlockExampleUITests;
			productReference = 61D370071DB25F6E00A040B9 /* JNAPushPopCompletionBlockExampleUITests.xctest */;
			productType = "com.apple.product-type.bundle.ui-testing";
		};
/* End PBXNativeTarget section */

/* Begin PBXProject section */
		61D36FDB1DB25F6E00A040B9 /* Project object */ = {
			isa = PBXProject;
			attributes = {
				LastUpgradeCheck = 0800;
				ORGANIZATIONNAME = "Md. Jawad Noor Asif";
				TargetAttributes = {
					61D36FE21DB25F6E00A040B9 = {
						CreatedOnToolsVersion = 8.0;
						ProvisioningStyle = Automatic;
					};
					61D36FFB1DB25F6E00A040B9 = {
						CreatedOnToolsVersion = 8.0;
						ProvisioningStyle = Automatic;
						TestTargetID = 61D36FE21DB25F6E00A040B9;
					};
					61D370061DB25F6E00A040B9 = {
						CreatedOnToolsVersion = 8.0;
						ProvisioningStyle = Automatic;
						TestTargetID = 61D36FE21DB25F6E00A040B9;
					};
				};
			};
			buildConfigurationList = 61D36FDE1DB25F6E00A040B9 /* Build configuration list for PBXProject "JNAPushPopCompletionBlockExample" */;
			compatibilityVersion = "Xcode 3.2";
			developmentRegion = English;
			hasScannedForEncodings = 0;
			knownRegions = (
				en,
				Base,
			);
			mainGroup = 61D36FDA1DB25F6E00A040B9;
			productRefGroup = 61D36FE41DB25F6E00A040B9 /* Products */;
			projectDirPath = "";
			projectRoot = "";
			targets = (
				61D36FE21DB25F6E00A040B9 /* JNAPushPopCompletionBlockExample */,
				61D36FFB1DB25F6E00A040B9 /* JNAPushPopCompletionBlockExampleTests */,
				61D370061DB25F6E00A040B9 /* JNAPushPopCompletionBlockExampleUITests */,
			);
		};
/* End PBXProject section */

/* Begin PBXResourcesBuildPhase section */
		61D36FE11DB25F6E00A040B9 /* Resources */ = {
			isa = PBXResourcesBuildPhase;
			buildActionMask = 2147483647;
			files = (
				61D36FF61DB25F6E00A040B9 /* LaunchScreen.storyboard in Resources */,
				61D36FF31DB25F6E00A040B9 /* Assets.xcassets in Resources */,
				61D36FF11DB25F6E00A040B9 /* Main.storyboard in Resources */,
			);
			runOnlyForDeploymentPostprocessing = 0;
		};
		61D36FFA1DB25F6E00A040B9 /* Resources */ = {
			isa = PBXResourcesBuildPhase;
			buildActionMask = 2147483647;
			files = (
			);
			runOnlyForDeploymentPostprocessing = 0;
		};
		61D370051DB25F6E00A040B9 /* Resources */ = {
			isa = PBXResourcesBuildPhase;
			buildActionMask = 2147483647;
			files = (
			);
			runOnlyForDeploymentPostprocessing = 0;
		};
/* End PBXResourcesBuildPhase section */

/* Begin PBXSourcesBuildPhase section */
		61D36FDF1DB25F6E00A040B9 /* Sources */ = {
			isa = PBXSourcesBuildPhase;
			buildActionMask = 2147483647;
			files = (
				61D3702A1DB2616300A040B9 /* ViewController1.m in Sources */,
				61D36FEE1DB25F6E00A040B9 /* ViewController.m in Sources */,
				61D36FEB1DB25F6E00A040B9 /* AppDelegate.m in Sources */,
				61D36FE81DB25F6E00A040B9 /* main.m in Sources */,
				61D3702E1DB2616300A040B9 /* ViewController5.m in Sources */,
				61D370321DB2643D00A040B9 /* UINavigationController+JNAPushPopCompletionBlock.m in Sources */,
				61D3702B1DB2616300A040B9 /* ViewController2.m in Sources */,
				61D3702C1DB2616300A040B9 /* ViewController3.m in Sources */,
				61D3702D1DB2616300A040B9 /* ViewController4.m in Sources */,
			);
			runOnlyForDeploymentPostprocessing = 0;
		};
		61D36FF81DB25F6E00A040B9 /* Sources */ = {
			isa = PBXSourcesBuildPhase;
			buildActionMask = 2147483647;
			files = (
				61D370011DB25F6E00A040B9 /* JNAPushPopCompletionBlockExampleTests.m in Sources */,
			);
			runOnlyForDeploymentPostprocessing = 0;
		};
		61D370031DB25F6E00A040B9 /* Sources */ = {
			isa = PBXSourcesBuildPhase;
			buildActionMask = 2147483647;
			files = (
				61D3700C1DB25F6E00A040B9 /* JNAPushPopCompletionBlockExampleUITests.m in Sources */,
			);
			runOnlyForDeploymentPostprocessing = 0;
		};
/* End PBXSourcesBuildPhase section */

/* Begin PBXTargetDependency section */
		61D36FFE1DB25F6E00A040B9 /* PBXTargetDependency */ = {
			isa = PBXTargetDependency;
			target = 61D36FE21DB25F6E00A040B9 /* JNAPushPopCompletionBlockExample */;
			targetProxy = 61D36FFD1DB25F6E00A040B9 /* PBXContainerItemProxy */;
		};
		61D370091DB25F6E00A040B9 /* PBXTargetDependency */ = {
			isa = PBXTargetDependency;
			target = 61D36FE21DB25F6E00A040B9 /* JNAPushPopCompletionBlockExample */;
			targetProxy = 61D370081DB25F6E00A040B9 /* PBXContainerItemProxy */;
		};
/* End PBXTargetDependency section */

/* Begin PBXVariantGroup section */
		61D36FEF1DB25F6E00A040B9 /* Main.storyboard */ = {
			isa = PBXVariantGroup;
			children = (
				61D36FF01DB25F6E00A040B9 /* Base */,
			);
			name = Main.storyboard;
			sourceTree = "<group>";
		};
		61D36FF41DB25F6E00A040B9 /* LaunchScreen.storyboard */ = {
			isa = PBXVariantGroup;
			children = (
				61D36FF51DB25F6E00A040B9 /* Base */,
			);
			name = LaunchScreen.storyboard;
			sourceTree = "<group>";
		};
/* End PBXVariantGroup section */

/* Begin XCBuildConfiguration section */
		61D3700E1DB25F6E00A040B9 /* Debug */ = {
			isa = XCBuildConfiguration;
			buildSettings = {
				ALWAYS_SEARCH_USER_PATHS = NO;
				CLANG_ANALYZER_NONNULL = YES;
				CLANG_CXX_LANGUAGE_STANDARD = "gnu++0x";
				CLANG_CXX_LIBRARY = "libc++";
				CLANG_ENABLE_MODULES = YES;
				CLANG_ENABLE_OBJC_ARC = YES;
				CLANG_WARN_BOOL_CONVERSION = YES;
				CLANG_WARN_CONSTANT_CONVERSION = YES;
				CLANG_WARN_DIRECT_OBJC_ISA_USAGE = YES_ERROR;
				CLANG_WARN_DOCUMENTATION_COMMENTS = YES;
				CLANG_WARN_EMPTY_BODY = YES;
				CLANG_WARN_ENUM_CONVERSION = YES;
				CLANG_WARN_INFINITE_RECURSION = YES;
				CLANG_WARN_INT_CONVERSION = YES;
				CLANG_WARN_OBJC_ROOT_CLASS = YES_ERROR;
				CLANG_WARN_SUSPICIOUS_MOVES = YES;
				CLANG_WARN_UNREACHABLE_CODE = YES;
				CLANG_WARN__DUPLICATE_METHOD_MATCH = YES;
				"CODE_SIGN_IDENTITY[sdk=iphoneos*]" = "";
				COPY_PHASE_STRIP = NO;
				DEBUG_INFORMATION_FORMAT = dwarf;
				ENABLE_STRICT_OBJC_MSGSEND = YES;
				ENABLE_TESTABILITY = YES;
				GCC_C_LANGUAGE_STANDARD = gnu99;
				GCC_DYNAMIC_NO_PIC = NO;
				GCC_NO_COMMON_BLOCKS = YES;
				GCC_OPTIMIZATION_LEVEL = 0;
				GCC_PREPROCESSOR_DEFINITIONS = (
					"DEBUG=1",
					"$(inherited)",
				);
				GCC_WARN_64_TO_32_BIT_CONVERSION = YES;
				GCC_WARN_ABOUT_RETURN_TYPE = YES_ERROR;
				GCC_WARN_UNDECLARED_SELECTOR = YES;
				GCC_WARN_UNINITIALIZED_AUTOS = YES_AGGRESSIVE;
				GCC_WARN_UNUSED_FUNCTION = YES;
				GCC_WARN_UNUSED_VARIABLE = YES;
				IPHONEOS_DEPLOYMENT_TARGET = 10.0;
				MTL_ENABLE_DEBUG_INFO = YES;
				ONLY_ACTIVE_ARCH = YES;
				SDKROOT = iphoneos;
				TARGETED_DEVICE_FAMILY = "1,2";
			};
			name = Debug;
		};
		61D3700F1DB25F6E00A040B9 /* Release */ = {
			isa = XCBuildConfiguration;
			buildSettings = {
				ALWAYS_SEARCH_USER_PATHS = NO;
				CLANG_ANALYZER_NONNULL = YES;
				CLANG_CXX_LANGUAGE_STANDARD = "gnu++0x";
				CLANG_CXX_LIBRARY = "libc++";
				CLANG_ENABLE_MODULES = YES;
				CLANG_ENABLE_OBJC_ARC = YES;
				CLANG_WARN_BOOL_CONVERSION = YES;
				CLANG_WARN_CONSTANT_CONVERSION = YES;
				CLANG_WARN_DIRECT_OBJC_ISA_USAGE = YES_ERROR;
				CLANG_WARN_DOCUMENTATION_COMMENTS = YES;
				CLANG_WARN_EMPTY_BODY = YES;
				CLANG_WARN_ENUM_CONVERSION = YES;
				CLANG_WARN_INFINITE_RECURSION = YES;
				CLANG_WARN_INT_CONVERSION = YES;
				CLANG_WARN_OBJC_ROOT_CLASS = YES_ERROR;
				CLANG_WARN_SUSPICIOUS_MOVES = YES;
				CLANG_WARN_UNREACHABLE_CODE = YES;
				CLANG_WARN__DUPLICATE_METHOD_MATCH = YES;
				"CODE_SIGN_IDENTITY[sdk=iphoneos*]" = "";
				COPY_PHASE_STRIP = NO;
				DEBUG_INFORMATION_FORMAT = "dwarf-with-dsym";
				ENABLE_NS_ASSERTIONS = NO;
				ENABLE_STRICT_OBJC_MSGSEND = YES;
				GCC_C_LANGUAGE_STANDARD = gnu99;
				GCC_NO_COMMON_BLOCKS = YES;
				GCC_WARN_64_TO_32_BIT_CONVERSION = YES;
				GCC_WARN_ABOUT_RETURN_TYPE = YES_ERROR;
				GCC_WARN_UNDECLARED_SELECTOR = YES;
				GCC_WARN_UNINITIALIZED_AUTOS = YES_AGGRESSIVE;
				GCC_WARN_UNUSED_FUNCTION = YES;
				GCC_WARN_UNUSED_VARIABLE = YES;
				IPHONEOS_DEPLOYMENT_TARGET = 10.0;
				MTL_ENABLE_DEBUG_INFO = NO;
				SDKROOT = iphoneos;
				TARGETED_DEVICE_FAMILY = "1,2";
				VALIDATE_PRODUCT = YES;
			};
			name = Release;
		};
		61D370111DB25F6E00A040B9 /* Debug */ = {
			isa = XCBuildConfiguration;
			buildSettings = {
				ASSETCATALOG_COMPILER_APPICON_NAME = AppIcon;
				"CODE_SIGN_IDENTITY[sdk=iphoneos*]" = "";
				INFOPLIST_FILE = JNAPushPopCompletionBlockExample/Info.plist;
				LD_RUNPATH_SEARCH_PATHS = "$(inherited) @executable_path/Frameworks";
				PRODUCT_BUNDLE_IDENTIFIER = com.jawadasif.JNAPushPopCompletionBlockExample;
				PRODUCT_NAME = "$(TARGET_NAME)";
			};
			name = Debug;
		};
		61D370121DB25F6E00A040B9 /* Release */ = {
			isa = XCBuildConfiguration;
			buildSettings = {
				ASSETCATALOG_COMPILER_APPICON_NAME = AppIcon;
				"CODE_SIGN_IDENTITY[sdk=iphoneos*]" = "";
				INFOPLIST_FILE = JNAPushPopCompletionBlockExample/Info.plist;
				LD_RUNPATH_SEARCH_PATHS = "$(inherited) @executable_path/Frameworks";
				PRODUCT_BUNDLE_IDENTIFIER = com.jawadasif.JNAPushPopCompletionBlockExample;
				PRODUCT_NAME = "$(TARGET_NAME)";
			};
			name = Release;
		};
		61D370141DB25F6E00A040B9 /* Debug */ = {
			isa = XCBuildConfiguration;
			buildSettings = {
				BUNDLE_LOADER = "$(TEST_HOST)";
				"CODE_SIGN_IDENTITY[sdk=iphoneos*]" = "";
				INFOPLIST_FILE = JNAPushPopCompletionBlockExampleTests/Info.plist;
				LD_RUNPATH_SEARCH_PATHS = "$(inherited) @executable_path/Frameworks @loader_path/Frameworks";
				PRODUCT_BUNDLE_IDENTIFIER = com.jawadasif.JNAPushPopCompletionBlockExampleTests;
				PRODUCT_NAME = "$(TARGET_NAME)";
				TEST_HOST = "$(BUILT_PRODUCTS_DIR)/JNAPushPopCompletionBlockExample.app/JNAPushPopCompletionBlockExample";
			};
			name = Debug;
		};
		61D370151DB25F6E00A040B9 /* Release */ = {
			isa = XCBuildConfiguration;
			buildSettings = {
				BUNDLE_LOADER = "$(TEST_HOST)";
				"CODE_SIGN_IDENTITY[sdk=iphoneos*]" = "";
				INFOPLIST_FILE = JNAPushPopCompletionBlockExampleTests/Info.plist;
				LD_RUNPATH_SEARCH_PATHS = "$(inherited) @executable_path/Frameworks @loader_path/Frameworks";
				PRODUCT_BUNDLE_IDENTIFIER = com.jawadasif.JNAPushPopCompletionBlockExampleTests;
				PRODUCT_NAME = "$(TARGET_NAME)";
				TEST_HOST = "$(BUILT_PRODUCTS_DIR)/JNAPushPopCompletionBlockExample.app/JNAPushPopCompletionBlockExample";
			};
			name = Release;
		};
		61D370171DB25F6E00A040B9 /* Debug */ = {
			isa = XCBuildConfiguration;
			buildSettings = {
				"CODE_SIGN_IDENTITY[sdk=iphoneos*]" = "";
				INFOPLIST_FILE = JNAPushPopCompletionBlockExampleUITests/Info.plist;
				LD_RUNPATH_SEARCH_PATHS = "$(inherited) @executable_path/Frameworks @loader_path/Frameworks";
				PRODUCT_BUNDLE_IDENTIFIER = com.jawadasif.JNAPushPopCompletionBlockExampleUITests;
				PRODUCT_NAME = "$(TARGET_NAME)";
				TEST_TARGET_NAME = JNAPushPopCompletionBlockExample;
			};
			name = Debug;
		};
		61D370181DB25F6E00A040B9 /* Release */ = {
			isa = XCBuildConfiguration;
			buildSettings = {
				"CODE_SIGN_IDENTITY[sdk=iphoneos*]" = "";
				INFOPLIST_FILE = JNAPushPopCompletionBlockExampleUITests/Info.plist;
				LD_RUNPATH_SEARCH_PATHS = "$(inherited) @executable_path/Frameworks @loader_path/Frameworks";
				PRODUCT_BUNDLE_IDENTIFIER = com.jawadasif.JNAPushPopCompletionBlockExampleUITests;
				PRODUCT_NAME = "$(TARGET_NAME)";
				TEST_TARGET_NAME = JNAPushPopCompletionBlockExample;
			};
			name = Release;
		};
/* End XCBuildConfiguration section */

/* Begin XCConfigurationList section */
		61D36FDE1DB25F6E00A040B9 /* Build configuration list for PBXProject "JNAPushPopCompletionBlockExample" */ = {
			isa = XCConfigurationList;
			buildConfigurations = (
				61D3700E1DB25F6E00A040B9 /* Debug */,
				61D3700F1DB25F6E00A040B9 /* Release */,
			);
			defaultConfigurationIsVisible = 0;
			defaultConfigurationName = Release;
		};
		61D370101DB25F6E00A040B9 /* Build configuration list for PBXNativeTarget "JNAPushPopCompletionBlockExample" */ = {
			isa = XCConfigurationList;
			buildConfigurations = (
				61D370111DB25F6E00A040B9 /* Debug */,
				61D370121DB25F6E00A040B9 /* Release */,
			);
			defaultConfigurationIsVisible = 0;
			defaultConfigurationName = Release;
		};
		61D370131DB25F6E00A040B9 /* Build configuration list for PBXNativeTarget "JNAPushPopCompletionBlockExampleTests" */ = {
			isa = XCConfigurationList;
			buildConfigurations = (
				61D370141DB25F6E00A040B9 /* Debug */,
				61D370151DB25F6E00A040B9 /* Release */,
			);
			defaultConfigurationIsVisible = 0;
			defaultConfigurationName = Release;
		};
		61D370161DB25F6E00A040B9 /* Build configuration list for PBXNativeTarget "JNAPushPopCompletionBlockExampleUITests" */ = {
			isa = XCConfigurationList;
			buildConfigurations = (
				61D370171DB25F6E00A040B9 /* Debug */,
				61D370181DB25F6E00A040B9 /* Release */,
			);
			defaultConfigurationIsVisible = 0;
			defaultConfigurationName = Release;
		};
/* End XCConfigurationList section */
	};
	rootObject = 61D36FDB1DB25F6E00A040B9 /* Project object */;
}
